
Microsoft Visual Studio Solution File, Format Version 12.00
# Visual Studio 15
VisualStudioVersion = 15.0.28307.102
MinimumVisualStudioVersion = 10.0.40219.1
Project("{FAE04EC0-301F-11D3-BF4B-00C04F79EFBC}") = "Shop.UI", "Shop.UI\Shop.UI.csproj", "{45D5A784-A11A-4E82-BF5C-EDEF8677557A}"
EndProject
Project("{FAE04EC0-301F-11D3-BF4B-00C04F79EFBC}") = "Shop.Domain", "Shop.Domain\Shop.Domain.csproj", "{B3272E29-1CC3-4FA4-B939-CE4349FF980C}"
EndProject
Project("{FAE04EC0-301F-11D3-BF4B-00C04F79EFBC}") = "Shop.Application", "Shop.Application\Shop.Application.csproj", "{AA82ADEE-82F6-4B64-8735-ED9E82397DB9}"
EndProject
Project("{FAE04EC0-301F-11D3-BF4B-00C04F79EFBC}") = "Shop.Database", "Shop.Database\Shop.Database.csproj", "{4B481AF1-BAB7-4D52-A802-13535C318E1A}"
EndProject
Global
	GlobalSection(SolutionConfigurationPlatforms) = preSolution
		Debug|Any CPU = Debug|Any CPU
		Release|Any CPU = Release|Any CPU
	EndGlobalSection
	GlobalSection(ProjectConfigurationPlatforms) = postSolution
		{45D5A784-A11A-4E82-BF5C-EDEF8677557A}.Debug|Any CPU.ActiveCfg = Debug|Any CPU
		{45D5A784-A11A-4E82-BF5C-EDEF8677557A}.Debug|Any CPU.Build.0 = Debug|Any CPU
		{45D5A784-A11A-4E82-BF5C-EDEF8677557A}.Release|Any CPU.ActiveCfg = Release|Any CPU
		{45D5A784-A11A-4E82-BF5C-EDEF8677557A}.Release|Any CPU.Build.0 = Release|Any CPU
		{B3272E29-1CC3-4FA4-B939-CE4349FF980C}.Debug|Any CPU.ActiveCfg = Debug|Any CPU
		{B3272E29-1CC3-4FA4-B939-CE4349FF980C}.Debug|Any CPU.Build.0 = Debug|Any CPU
		{B3272E29-1CC3-4FA4-B939-CE4349FF980C}.Release|Any CPU.ActiveCfg = Release|Any CPU
		{B3272E29-1CC3-4FA4-B939-CE4349FF980C}.Release|Any CPU.Build.0 = Release|Any CPU
		{AA82ADEE-82F6-4B64-8735-ED9E82397DB9}.Debug|Any CPU.ActiveCfg = Debug|Any CPU
		{AA82ADEE-82F6-4B64-8735-ED9E82397DB9}.Debug|Any CPU.Build.0 = Debug|Any CPU
		{AA82ADEE-82F6-4B64-8735-ED9E82397DB9}.Release|Any CPU.ActiveCfg = Release|Any CPU
		{AA82ADEE-82F6-4B64-8735-ED9E82397DB9}.Release|Any CPU.Build.0 = Release|Any CPU
		{4B481AF1-BAB7-4D52-A802-13535C318E1A}.Debug|Any CPU.ActiveCfg = Debug|Any CPU
		{4B481AF1-BAB7-4D52-A802-13535C318E1A}.Debug|Any CPU.Build.0 = Debug|Any CPU
		{4B481AF1-BAB7-4D52-A802-13535C318E1A}.Release|Any CPU.ActiveCfg = Release|Any CPU
		{4B481AF1-BAB7-4D52-A802-13535C318E1A}.Release|Any CPU.Build.0 = Release|Any CPU
	EndGlobalSection
	GlobalSection(SolutionProperties) = preSolution
		HideSolutionNode = FALSE
	EndGlobalSection
	GlobalSection(ExtensibilityGlobals) = postSolution
		SolutionGuid = {FD8ED750-AF54-4832-86CB-C66DA0165C09}
	EndGlobalSection
EndGlobal
